
Microsoft Visual Studio Solution File, Format Version 12.00
# Visual Studio Version 17
VisualStudioVersion = 17.14.35806.103
MinimumVisualStudioVersion = 10.0.40219.1
Project("{FAE04EC0-301F-11D3-BF4B-00C04F79EFBC}") = "ShasthoBondhu.Api", "ShasthoBondhu.Api\ShasthoBondhu.Api.csproj", "{3A64BDE2-2E84-431C-B58B-4668C47B35C8}"
EndProject
Project("{FAE04EC0-301F-11D3-BF4B-00C04F79EFBC}") = "ShasthoBondhu.Data", "ShasthoBondhu.Data\ShasthoBondhu.Data.csproj", "{AD12C0C5-C070-4539-926D-2EAA6D38B9F1}"
EndProject
Project("{FAE04EC0-301F-11D3-BF4B-00C04F79EFBC}") = "ShasthoBondhu.Dto", "ShasthoBondhu.Dto\ShasthoBondhu.Dto.csproj", "{4D3FA9B8-E245-4E18-A732-FF8009A5FB55}"
EndProject
Project("{FAE04EC0-301F-11D3-BF4B-00C04F79EFBC}") = "ShasthoBondhu.Api.Abstractions", "ShasthoBondhu.Api.Abstractions\ShasthoBondhu.Api.Abstractions.csproj", "{08035B31-701E-4F72-B821-277BD56EB5C1}"
EndProject
Project("{FAE04EC0-301F-11D3-BF4B-00C04F79EFBC}") = "ShasthoBondhu.Service", "ShasthoBondhu.Service\ShasthoBondhu.Service.csproj", "{B976A01B-5325-40A0-9439-DE5AED11643C}"
EndProject
Global
	GlobalSection(SolutionConfigurationPlatforms) = preSolution
		Debug|Any CPU = Debug|Any CPU
		Release|Any CPU = Release|Any CPU
	EndGlobalSection
	GlobalSection(ProjectConfigurationPlatforms) = postSolution
		{3A64BDE2-2E84-431C-B58B-4668C47B35C8}.Debug|Any CPU.ActiveCfg = Debug|Any CPU
		{3A64BDE2-2E84-431C-B58B-4668C47B35C8}.Debug|Any CPU.Build.0 = Debug|Any CPU
		{3A64BDE2-2E84-431C-B58B-4668C47B35C8}.Release|Any CPU.ActiveCfg = Release|Any CPU
		{3A64BDE2-2E84-431C-B58B-4668C47B35C8}.Release|Any CPU.Build.0 = Release|Any CPU
		{AD12C0C5-C070-4539-926D-2EAA6D38B9F1}.Debug|Any CPU.ActiveCfg = Debug|Any CPU
		{AD12C0C5-C070-4539-926D-2EAA6D38B9F1}.Debug|Any CPU.Build.0 = Debug|Any CPU
		{AD12C0C5-C070-4539-926D-2EAA6D38B9F1}.Release|Any CPU.ActiveCfg = Release|Any CPU
		{AD12C0C5-C070-4539-926D-2EAA6D38B9F1}.Release|Any CPU.Build.0 = Release|Any CPU
		{4D3FA9B8-E245-4E18-A732-FF8009A5FB55}.Debug|Any CPU.ActiveCfg = Debug|Any CPU
		{4D3FA9B8-E245-4E18-A732-FF8009A5FB55}.Debug|Any CPU.Build.0 = Debug|Any CPU
		{4D3FA9B8-E245-4E18-A732-FF8009A5FB55}.Release|Any CPU.ActiveCfg = Release|Any CPU
		{4D3FA9B8-E245-4E18-A732-FF8009A5FB55}.Release|Any CPU.Build.0 = Release|Any CPU
		{08035B31-701E-4F72-B821-277BD56EB5C1}.Debug|Any CPU.ActiveCfg = Debug|Any CPU
		{08035B31-701E-4F72-B821-277BD56EB5C1}.Debug|Any CPU.Build.0 = Debug|Any CPU
		{08035B31-701E-4F72-B821-277BD56EB5C1}.Release|Any CPU.ActiveCfg = Release|Any CPU
		{08035B31-701E-4F72-B821-277BD56EB5C1}.Release|Any CPU.Build.0 = Release|Any CPU
		{B976A01B-5325-40A0-9439-DE5AED11643C}.Debug|Any CPU.ActiveCfg = Debug|Any CPU
		{B976A01B-5325-40A0-9439-DE5AED11643C}.Debug|Any CPU.Build.0 = Debug|Any CPU
		{B976A01B-5325-40A0-9439-DE5AED11643C}.Release|Any CPU.ActiveCfg = Release|Any CPU
		{B976A01B-5325-40A0-9439-DE5AED11643C}.Release|Any CPU.Build.0 = Release|Any CPU
	EndGlobalSection
	GlobalSection(SolutionProperties) = preSolution
		HideSolutionNode = FALSE
	EndGlobalSection
	GlobalSection(ExtensibilityGlobals) = postSolution
		SolutionGuid = {425EEF6D-CEF0-4D1B-972F-354E7AAFEEC6}
	EndGlobalSection
EndGlobal
